
Microsoft Visual Studio Solution File, Format Version 12.00
# Visual Studio Version 16
VisualStudioVersion = 16.0.29009.5
MinimumVisualStudioVersion = 10.0.40219.1
Project("{FAE04EC0-301F-11D3-BF4B-00C04F79EFBC}") = "Valtech_Form_App", "Valtech_Form_App\Valtech_Form_App.csproj", "{F3C58B3F-6CB7-4461-BFAB-A239C95B9931}"
EndProject
Project("{FAE04EC0-301F-11D3-BF4B-00C04F79EFBC}") = "Valtech_Form_BusinessLogic", "Valtech_Form_BusinessLogic\Valtech_Form_BusinessLogic.csproj", "{9AE74229-DBA2-425A-A46B-5084763A99C3}"
EndProject
Global
	GlobalSection(SolutionConfigurationPlatforms) = preSolution
		Debug|Any CPU = Debug|Any CPU
		Debug|ARM = Debug|ARM
		Debug|ARM64 = Debug|ARM64
		Debug|x64 = Debug|x64
		Debug|x86 = Debug|x86
		Release|Any CPU = Release|Any CPU
		Release|ARM = Release|ARM
		Release|ARM64 = Release|ARM64
		Release|x64 = Release|x64
		Release|x86 = Release|x86
	EndGlobalSection
	GlobalSection(ProjectConfigurationPlatforms) = postSolution
		{F3C58B3F-6CB7-4461-BFAB-A239C95B9931}.Debug|Any CPU.ActiveCfg = Debug|Any CPU
		{F3C58B3F-6CB7-4461-BFAB-A239C95B9931}.Debug|Any CPU.Build.0 = Debug|Any CPU
		{F3C58B3F-6CB7-4461-BFAB-A239C95B9931}.Debug|ARM.ActiveCfg = Debug|Any CPU
		{F3C58B3F-6CB7-4461-BFAB-A239C95B9931}.Debug|ARM.Build.0 = Debug|Any CPU
		{F3C58B3F-6CB7-4461-BFAB-A239C95B9931}.Debug|ARM64.ActiveCfg = Debug|Any CPU
		{F3C58B3F-6CB7-4461-BFAB-A239C95B9931}.Debug|ARM64.Build.0 = Debug|Any CPU
		{F3C58B3F-6CB7-4461-BFAB-A239C95B9931}.Debug|x64.ActiveCfg = Debug|Any CPU
		{F3C58B3F-6CB7-4461-BFAB-A239C95B9931}.Debug|x64.Build.0 = Debug|Any CPU
		{F3C58B3F-6CB7-4461-BFAB-A239C95B9931}.Debug|x86.ActiveCfg = Debug|Any CPU
		{F3C58B3F-6CB7-4461-BFAB-A239C95B9931}.Debug|x86.Build.0 = Debug|Any CPU
		{F3C58B3F-6CB7-4461-BFAB-A239C95B9931}.Release|Any CPU.ActiveCfg = Release|Any CPU
		{F3C58B3F-6CB7-4461-BFAB-A239C95B9931}.Release|Any CPU.Build.0 = Release|Any CPU
		{F3C58B3F-6CB7-4461-BFAB-A239C95B9931}.Release|ARM.ActiveCfg = Release|Any CPU
		{F3C58B3F-6CB7-4461-BFAB-A239C95B9931}.Release|ARM.Build.0 = Release|Any CPU
		{F3C58B3F-6CB7-4461-BFAB-A239C95B9931}.Release|ARM64.ActiveCfg = Release|Any CPU
		{F3C58B3F-6CB7-4461-BFAB-A239C95B9931}.Release|ARM64.Build.0 = Release|Any CPU
		{F3C58B3F-6CB7-4461-BFAB-A239C95B9931}.Release|x64.ActiveCfg = Release|Any CPU
		{F3C58B3F-6CB7-4461-BFAB-A239C95B9931}.Release|x64.Build.0 = Release|Any CPU
		{F3C58B3F-6CB7-4461-BFAB-A239C95B9931}.Release|x86.ActiveCfg = Release|Any CPU
		{F3C58B3F-6CB7-4461-BFAB-A239C95B9931}.Release|x86.Build.0 = Release|Any CPU
		{9AE74229-DBA2-425A-A46B-5084763A99C3}.Debug|Any CPU.ActiveCfg = Debug|Any CPU
		{9AE74229-DBA2-425A-A46B-5084763A99C3}.Debug|Any CPU.Build.0 = Debug|Any CPU
		{9AE74229-DBA2-425A-A46B-5084763A99C3}.Debug|ARM.ActiveCfg = Debug|Any CPU
		{9AE74229-DBA2-425A-A46B-5084763A99C3}.Debug|ARM.Build.0 = Debug|Any CPU
		{9AE74229-DBA2-425A-A46B-5084763A99C3}.Debug|ARM64.ActiveCfg = Debug|Any CPU
		{9AE74229-DBA2-425A-A46B-5084763A99C3}.Debug|ARM64.Build.0 = Debug|Any CPU
		{9AE74229-DBA2-425A-A46B-5084763A99C3}.Debug|x64.ActiveCfg = Debug|Any CPU
		{9AE74229-DBA2-425A-A46B-5084763A99C3}.Debug|x64.Build.0 = Debug|Any CPU
		{9AE74229-DBA2-425A-A46B-5084763A99C3}.Debug|x86.ActiveCfg = Debug|Any CPU
		{9AE74229-DBA2-425A-A46B-5084763A99C3}.Debug|x86.Build.0 = Debug|Any CPU
		{9AE74229-DBA2-425A-A46B-5084763A99C3}.Release|Any CPU.ActiveCfg = Release|Any CPU
		{9AE74229-DBA2-425A-A46B-5084763A99C3}.Release|Any CPU.Build.0 = Release|Any CPU
		{9AE74229-DBA2-425A-A46B-5084763A99C3}.Release|ARM.ActiveCfg = Release|Any CPU
		{9AE74229-DBA2-425A-A46B-5084763A99C3}.Release|ARM.Build.0 = Release|Any CPU
		{9AE74229-DBA2-425A-A46B-5084763A99C3}.Release|ARM64.ActiveCfg = Release|Any CPU
		{9AE74229-DBA2-425A-A46B-5084763A99C3}.Release|ARM64.Build.0 = Release|Any CPU
		{9AE74229-DBA2-425A-A46B-5084763A99C3}.Release|x64.ActiveCfg = Release|Any CPU
		{9AE74229-DBA2-425A-A46B-5084763A99C3}.Release|x64.Build.0 = Release|Any CPU
		{9AE74229-DBA2-425A-A46B-5084763A99C3}.Release|x86.ActiveCfg = Release|Any CPU
		{9AE74229-DBA2-425A-A46B-5084763A99C3}.Release|x86.Build.0 = Release|Any CPU
	EndGlobalSection
	GlobalSection(SolutionProperties) = preSolution
		HideSolutionNode = FALSE
	EndGlobalSection
	GlobalSection(ExtensibilityGlobals) = postSolution
		SolutionGuid = {DB8932C3-5E2E-4B78-AE0E-3334929D274C}
	EndGlobalSection
EndGlobal
